
Microsoft Visual Studio Solution File, Format Version 12.00
# Visual Studio Version 17
VisualStudioVersion = 17.10.34916.146
MinimumVisualStudioVersion = 10.0.40219.1
Project("{9A19103F-16F7-4668-BE54-9A1E7A4F7556}") = "FriendlyPasswordGenerator.Main", "FriendlyPasswordGenerator.Main\FriendlyPasswordGenerator.Main.csproj", "{77B441B4-AC06-4BC5-9CD6-5EE8B2088E28}"
EndProject
Project("{FAE04EC0-301F-11D3-BF4B-00C04F79EFBC}") = "FriendlyPasswordGenerator.Model", "FriendlyPasswordGenerator.Model\FriendlyPasswordGenerator.Model.csproj", "{B8D0307B-3B4C-415B-B086-2423A6B61729}"
EndProject
Project("{FAE04EC0-301F-11D3-BF4B-00C04F79EFBC}") = "FriendlyPasswordGenerator.View", "FriendlyPasswordGenerator.View\FriendlyPasswordGenerator.View.csproj", "{ACEB8953-FAEF-4E3F-B9A6-A81E35237CD4}"
EndProject
Global
	GlobalSection(SolutionConfigurationPlatforms) = preSolution
		Debug|Any CPU = Debug|Any CPU
		Release|Any CPU = Release|Any CPU
	EndGlobalSection
	GlobalSection(ProjectConfigurationPlatforms) = postSolution
		{77B441B4-AC06-4BC5-9CD6-5EE8B2088E28}.Debug|Any CPU.ActiveCfg = Debug|Any CPU
		{77B441B4-AC06-4BC5-9CD6-5EE8B2088E28}.Debug|Any CPU.Build.0 = Debug|Any CPU
		{77B441B4-AC06-4BC5-9CD6-5EE8B2088E28}.Release|Any CPU.ActiveCfg = Release|Any CPU
		{77B441B4-AC06-4BC5-9CD6-5EE8B2088E28}.Release|Any CPU.Build.0 = Release|Any CPU
		{B8D0307B-3B4C-415B-B086-2423A6B61729}.Debug|Any CPU.ActiveCfg = Debug|Any CPU
		{B8D0307B-3B4C-415B-B086-2423A6B61729}.Debug|Any CPU.Build.0 = Debug|Any CPU
		{B8D0307B-3B4C-415B-B086-2423A6B61729}.Release|Any CPU.ActiveCfg = Release|Any CPU
		{B8D0307B-3B4C-415B-B086-2423A6B61729}.Release|Any CPU.Build.0 = Release|Any CPU
		{ACEB8953-FAEF-4E3F-B9A6-A81E35237CD4}.Debug|Any CPU.ActiveCfg = Debug|Any CPU
		{ACEB8953-FAEF-4E3F-B9A6-A81E35237CD4}.Debug|Any CPU.Build.0 = Debug|Any CPU
		{ACEB8953-FAEF-4E3F-B9A6-A81E35237CD4}.Release|Any CPU.ActiveCfg = Release|Any CPU
		{ACEB8953-FAEF-4E3F-B9A6-A81E35237CD4}.Release|Any CPU.Build.0 = Release|Any CPU
	EndGlobalSection
	GlobalSection(SolutionProperties) = preSolution
		HideSolutionNode = FALSE
	EndGlobalSection
	GlobalSection(ExtensibilityGlobals) = postSolution
		SolutionGuid = {8B49F89C-103F-461E-846C-C7E71A76A41C}
	EndGlobalSection
EndGlobal
